
Microsoft Visual Studio Solution File, Format Version 12.00
# Visual Studio Version 17
VisualStudioVersion = 17.0.31919.166
MinimumVisualStudioVersion = 10.0.40219.1
Project("{FAE04EC0-301F-11D3-BF4B-00C04F79EFBC}") = "ASPApp", "ASPApp\ASPApp.csproj", "{95547289-6E34-4969-B8A4-FCAC43D946C8}"
EndProject
Project("{FAE04EC0-301F-11D3-BF4B-00C04F79EFBC}") = "API", "API\API.csproj", "{9D2CCABE-EE8C-4DE7-83A3-9EED088A815A}"
EndProject
Project("{FAE04EC0-301F-11D3-BF4B-00C04F79EFBC}") = "webforms", "webforms\webforms.csproj", "{95A978E7-04CA-4A1B-8F48-7B064F5F07C7}"
EndProject
Project("{FAE04EC0-301F-11D3-BF4B-00C04F79EFBC}") = "SPA", "SPA\SPA.csproj", "{3DD231C5-0091-4876-958A-98EA54C469F1}"
EndProject
Global
	GlobalSection(SolutionConfigurationPlatforms) = preSolution
		Debug|Any CPU = Debug|Any CPU
		Release|Any CPU = Release|Any CPU
	EndGlobalSection
	GlobalSection(ProjectConfigurationPlatforms) = postSolution
		{95547289-6E34-4969-B8A4-FCAC43D946C8}.Debug|Any CPU.ActiveCfg = Debug|Any CPU
		{95547289-6E34-4969-B8A4-FCAC43D946C8}.Debug|Any CPU.Build.0 = Debug|Any CPU
		{95547289-6E34-4969-B8A4-FCAC43D946C8}.Release|Any CPU.ActiveCfg = Release|Any CPU
		{95547289-6E34-4969-B8A4-FCAC43D946C8}.Release|Any CPU.Build.0 = Release|Any CPU
		{9D2CCABE-EE8C-4DE7-83A3-9EED088A815A}.Debug|Any CPU.ActiveCfg = Debug|Any CPU
		{9D2CCABE-EE8C-4DE7-83A3-9EED088A815A}.Debug|Any CPU.Build.0 = Debug|Any CPU
		{9D2CCABE-EE8C-4DE7-83A3-9EED088A815A}.Release|Any CPU.ActiveCfg = Release|Any CPU
		{9D2CCABE-EE8C-4DE7-83A3-9EED088A815A}.Release|Any CPU.Build.0 = Release|Any CPU
		{95A978E7-04CA-4A1B-8F48-7B064F5F07C7}.Debug|Any CPU.ActiveCfg = Debug|Any CPU
		{95A978E7-04CA-4A1B-8F48-7B064F5F07C7}.Debug|Any CPU.Build.0 = Debug|Any CPU
		{95A978E7-04CA-4A1B-8F48-7B064F5F07C7}.Release|Any CPU.ActiveCfg = Release|Any CPU
		{95A978E7-04CA-4A1B-8F48-7B064F5F07C7}.Release|Any CPU.Build.0 = Release|Any CPU
		{3DD231C5-0091-4876-958A-98EA54C469F1}.Debug|Any CPU.ActiveCfg = Debug|Any CPU
		{3DD231C5-0091-4876-958A-98EA54C469F1}.Debug|Any CPU.Build.0 = Debug|Any CPU
		{3DD231C5-0091-4876-958A-98EA54C469F1}.Release|Any CPU.ActiveCfg = Release|Any CPU
		{3DD231C5-0091-4876-958A-98EA54C469F1}.Release|Any CPU.Build.0 = Release|Any CPU
	EndGlobalSection
	GlobalSection(SolutionProperties) = preSolution
		HideSolutionNode = FALSE
	EndGlobalSection
	GlobalSection(ExtensibilityGlobals) = postSolution
		SolutionGuid = {79AD7EF9-6C1A-49BE-90F5-6444815EA39E}
	EndGlobalSection
EndGlobal
